
Microsoft Visual Studio Solution File, Format Version 12.00
# Visual Studio Version 17
VisualStudioVersion = 17.1.32319.34
MinimumVisualStudioVersion = 10.0.40219.1
Project("{8BC9CEB8-8B4A-11D0-8D11-00A0C91BC942}") = "CppTask", "CppTask\CppTask.vcxproj", "{A6E21AB0-9620-4604-A009-0A35D31181A0}"
EndProject
Project("{FAE04EC0-301F-11D3-BF4B-00C04F79EFBC}") = "CSharpTask", "CSharpTask\CSharpTask.csproj", "{429EA787-7D87-4952-B990-5858F6315669}"
EndProject
Global
	GlobalSection(SolutionConfigurationPlatforms) = preSolution
		Debug|Any CPU = Debug|Any CPU
		Debug|x64 = Debug|x64
		Debug|x86 = Debug|x86
		Release|Any CPU = Release|Any CPU
		Release|x64 = Release|x64
		Release|x86 = Release|x86
	EndGlobalSection
	GlobalSection(ProjectConfigurationPlatforms) = postSolution
		{A6E21AB0-9620-4604-A009-0A35D31181A0}.Debug|Any CPU.ActiveCfg = Debug|x64
		{A6E21AB0-9620-4604-A009-0A35D31181A0}.Debug|Any CPU.Build.0 = Debug|x64
		{A6E21AB0-9620-4604-A009-0A35D31181A0}.Debug|x64.ActiveCfg = Debug|x64
		{A6E21AB0-9620-4604-A009-0A35D31181A0}.Debug|x64.Build.0 = Debug|x64
		{A6E21AB0-9620-4604-A009-0A35D31181A0}.Debug|x86.ActiveCfg = Debug|Win32
		{A6E21AB0-9620-4604-A009-0A35D31181A0}.Debug|x86.Build.0 = Debug|Win32
		{A6E21AB0-9620-4604-A009-0A35D31181A0}.Release|Any CPU.ActiveCfg = Release|x64
		{A6E21AB0-9620-4604-A009-0A35D31181A0}.Release|Any CPU.Build.0 = Release|x64
		{A6E21AB0-9620-4604-A009-0A35D31181A0}.Release|x64.ActiveCfg = Release|x64
		{A6E21AB0-9620-4604-A009-0A35D31181A0}.Release|x64.Build.0 = Release|x64
		{A6E21AB0-9620-4604-A009-0A35D31181A0}.Release|x86.ActiveCfg = Release|Win32
		{A6E21AB0-9620-4604-A009-0A35D31181A0}.Release|x86.Build.0 = Release|Win32
		{429EA787-7D87-4952-B990-5858F6315669}.Debug|Any CPU.ActiveCfg = Debug|Any CPU
		{429EA787-7D87-4952-B990-5858F6315669}.Debug|Any CPU.Build.0 = Debug|Any CPU
		{429EA787-7D87-4952-B990-5858F6315669}.Debug|x64.ActiveCfg = Debug|Any CPU
		{429EA787-7D87-4952-B990-5858F6315669}.Debug|x64.Build.0 = Debug|Any CPU
		{429EA787-7D87-4952-B990-5858F6315669}.Debug|x86.ActiveCfg = Debug|Any CPU
		{429EA787-7D87-4952-B990-5858F6315669}.Debug|x86.Build.0 = Debug|Any CPU
		{429EA787-7D87-4952-B990-5858F6315669}.Release|Any CPU.ActiveCfg = Release|Any CPU
		{429EA787-7D87-4952-B990-5858F6315669}.Release|Any CPU.Build.0 = Release|Any CPU
		{429EA787-7D87-4952-B990-5858F6315669}.Release|x64.ActiveCfg = Release|Any CPU
		{429EA787-7D87-4952-B990-5858F6315669}.Release|x64.Build.0 = Release|Any CPU
		{429EA787-7D87-4952-B990-5858F6315669}.Release|x86.ActiveCfg = Release|Any CPU
		{429EA787-7D87-4952-B990-5858F6315669}.Release|x86.Build.0 = Release|Any CPU
	EndGlobalSection
	GlobalSection(SolutionProperties) = preSolution
		HideSolutionNode = FALSE
	EndGlobalSection
	GlobalSection(ExtensibilityGlobals) = postSolution
		SolutionGuid = {260738DD-220B-4851-9DA0-0264456E2FCF}
	EndGlobalSection
EndGlobal
